
Microsoft Visual Studio Solution File, Format Version 12.00
# Visual Studio Version 17
VisualStudioVersion = 17.9.34728.123
MinimumVisualStudioVersion = 10.0.40219.1
Project("{8BC9CEB8-8B4A-11D0-8D11-00A0C91BC942}") = "Assignment02", "Assignment02.vcxproj", "{D3EE6701-C0DD-4E9E-B442-26A5D6F80D5E}"
EndProject
Global
	GlobalSection(SolutionConfigurationPlatforms) = preSolution
		Debug|x64 = Debug|x64
		Debug|x86 = Debug|x86
		Release|x64 = Release|x64
		Release|x86 = Release|x86
	EndGlobalSection
	GlobalSection(ProjectConfigurationPlatforms) = postSolution
		{D3EE6701-C0DD-4E9E-B442-26A5D6F80D5E}.Debug|x64.ActiveCfg = Debug|x64
		{D3EE6701-C0DD-4E9E-B442-26A5D6F80D5E}.Debug|x64.Build.0 = Debug|x64
		{D3EE6701-C0DD-4E9E-B442-26A5D6F80D5E}.Debug|x86.ActiveCfg = Debug|Win32
		{D3EE6701-C0DD-4E9E-B442-26A5D6F80D5E}.Debug|x86.Build.0 = Debug|Win32
		{D3EE6701-C0DD-4E9E-B442-26A5D6F80D5E}.Release|x64.ActiveCfg = Release|x64
		{D3EE6701-C0DD-4E9E-B442-26A5D6F80D5E}.Release|x64.Build.0 = Release|x64
		{D3EE6701-C0DD-4E9E-B442-26A5D6F80D5E}.Release|x86.ActiveCfg = Release|Win32
		{D3EE6701-C0DD-4E9E-B442-26A5D6F80D5E}.Release|x86.Build.0 = Release|Win32
	EndGlobalSection
	GlobalSection(SolutionProperties) = preSolution
		HideSolutionNode = FALSE
	EndGlobalSection
	GlobalSection(ExtensibilityGlobals) = postSolution
		SolutionGuid = {527C6930-3A55-4B3F-8244-1AD3E083245A}
	EndGlobalSection
EndGlobal
